
Microsoft Visual Studio Solution File, Format Version 12.00
# Visual Studio 2013
VisualStudioVersion = 12.0.30501.0
MinimumVisualStudioVersion = 10.0.40219.1
Project("{FAE04EC0-301F-11D3-BF4B-00C04F79EFBC}") = "FilelessActivation.ValueObjects", "FilelessActivation.ValueObjects\FilelessActivation.ValueObjects.csproj", "{0A13C968-E7EE-4018-B7C5-C6C5A62215F1}"
EndProject
Project("{FAE04EC0-301F-11D3-BF4B-00C04F79EFBC}") = "FilelessActivation.Services", "FilelessActivation.Services\FilelessActivation.Services.csproj", "{F0167FB1-2BA4-4D06-B27C-89D1596382FA}"
EndProject
Project("{2150E333-8FDC-42A3-9474-1A3956D46DE8}") = "Solution Items", "Solution Items", "{28826042-336A-4570-BC96-23C3F50EC123}"
	ProjectSection(SolutionItems) = preProject
		README.md = README.md
	EndProjectSection
EndProject
Global
	GlobalSection(SolutionConfigurationPlatforms) = preSolution
		Debug|Any CPU = Debug|Any CPU
		Release|Any CPU = Release|Any CPU
	EndGlobalSection
	GlobalSection(ProjectConfigurationPlatforms) = postSolution
		{0A13C968-E7EE-4018-B7C5-C6C5A62215F1}.Debug|Any CPU.ActiveCfg = Debug|Any CPU
		{0A13C968-E7EE-4018-B7C5-C6C5A62215F1}.Debug|Any CPU.Build.0 = Debug|Any CPU
		{0A13C968-E7EE-4018-B7C5-C6C5A62215F1}.Release|Any CPU.ActiveCfg = Release|Any CPU
		{0A13C968-E7EE-4018-B7C5-C6C5A62215F1}.Release|Any CPU.Build.0 = Release|Any CPU
		{F0167FB1-2BA4-4D06-B27C-89D1596382FA}.Debug|Any CPU.ActiveCfg = Debug|Any CPU
		{F0167FB1-2BA4-4D06-B27C-89D1596382FA}.Debug|Any CPU.Build.0 = Debug|Any CPU
		{F0167FB1-2BA4-4D06-B27C-89D1596382FA}.Release|Any CPU.ActiveCfg = Release|Any CPU
		{F0167FB1-2BA4-4D06-B27C-89D1596382FA}.Release|Any CPU.Build.0 = Release|Any CPU
	EndGlobalSection
	GlobalSection(SolutionProperties) = preSolution
		HideSolutionNode = FALSE
	EndGlobalSection
EndGlobal
